<?xml version="1.0" encoding="utf-8"?>
<Project ToolsVersion="4.0" xmlns="http://schemas.microsoft.com/developer/msbuild/2003">
  <ItemGroup>
    <Filter Include="Source Files">
      <UniqueIdentifier>{537a6983-84f8-4705-ac00-cbf80f8cce63}</UniqueIdentifier>
      <Extensions>cpp;c;cxx;rc;def;r;odl;idl;hpj;bat</Extensions>
    </Filter>
    <Filter Include="Source Files\commng">
      <UniqueIdentifier>{1df2b017-7321-4dd3-ac24-3d303ed9e81c}</UniqueIdentifier>
    </Filter>
    <Filter Include="Source Files\commng\vsthost">
      <UniqueIdentifier>{5877543a-f040-4cff-911d-cae4a03cc83c}</UniqueIdentifier>
    </Filter>
    <Filter Include="Source Files\misc">
      <UniqueIdentifier>{50351bfc-bbed-4f49-b447-77cc7359588b}</UniqueIdentifier>
    </Filter>
    <Filter Include="Header Files">
      <UniqueIdentifier>{2d64481a-cd33-4ffa-8cf9-56a971b74214}</UniqueIdentifier>
      <Extensions>h;hpp;hxx;hm;inl</Extensions>
    </Filter>
    <Filter Include="Resource Files">
      <UniqueIdentifier>{efeabdc6-8df3-430d-855d-c97db748c347}</UniqueIdentifier>
      <Extensions>ico;cur;bmp;dlg;rc2;rct;bin;rgs;gif;jpg;jpeg;jpe</Extensions>
    </Filter>
  </ItemGroup>
  <ItemGroup>
    <ClCompile Include="commng\vsthost\vstbuffer.cpp">
      <Filter>Source Files\commng\vsthost</Filter>
    </ClCompile>
    <ClCompile Include="commng\vsthost\vsteffect.cpp">
      <Filter>Source Files\commng\vsthost</Filter>
    </ClCompile>
    <ClCompile Include="commng\vsthost\vstmidievent.cpp">
      <Filter>Source Files\commng\vsthost</Filter>
    </ClCompile>
    <ClCompile Include="commng\cmmidioutvst.cpp">
      <Filter>Source Files\commng</Filter>
    </ClCompile>
    <ClCompile Include="misc\timerevent.cpp">
      <Filter>Source Files\misc</Filter>
    </ClCompile>
    <ClCompile Include="dllmain.cpp">
      <Filter>Source Files</Filter>
    </ClCompile>
    <ClCompile Include="commng\vsthost\vsteditwnd.cpp">
      <Filter>Source Files\commng\vsthost</Filter>
    </ClCompile>
  </ItemGroup>
  <ItemGroup>
    <ClInclude Include="commng\vsthost\vstbuffer.h">
      <Filter>Source Files\commng\vsthost</Filter>
    </ClInclude>
    <ClInclude Include="commng\vsthost\vsteffect.h">
      <Filter>Source Files\commng\vsthost</Filter>
    </ClInclude>
    <ClInclude Include="commng\vsthost\vstmidievent.h">
      <Filter>Source Files\commng\vsthost</Filter>
    </ClInclude>
    <ClInclude Include="commng\cmmidioutvst.h">
      <Filter>Source Files\commng</Filter>
    </ClInclude>
    <ClInclude Include="misc\timerevent.h">
      <Filter>Source Files\misc</Filter>
    </ClInclude>
    <ClInclude Include="misc\vc6macros.h">
      <Filter>Source Files\misc</Filter>
    </ClInclude>
    <ClInclude Include="compiler.h">
      <Filter>Header Files</Filter>
    </ClInclude>
    <ClInclude Include="dllmain.h">
      <Filter>Header Files</Filter>
    </ClInclude>
    <ClInclude Include="commng\vsthost\vsteditwnd.h">
      <Filter>Source Files\commng\vsthost</Filter>
    </ClInclude>
    <ClInclude Include="commng\vsthost\vsteditwndbase.h">
      <Filter>Source Files\commng\vsthost</Filter>
    </ClInclude>
  </ItemGroup>
  <ItemGroup>
    <ResourceCompile Include="vermouth.rc">
      <Filter>Source Files</Filter>
    </ResourceCompile>
  </ItemGroup>
  <ItemGroup>
    <CustomBuild Include="vermouth.def">
      <Filter>Source Files</Filter>
    </CustomBuild>
  </ItemGroup>
</Project>